
Microsoft Visual Studio Solution File, Format Version 12.00
# Visual Studio Version 17
VisualStudioVersion = 17.14.36603.0 d17.14
MinimumVisualStudioVersion = 10.0.40219.1
Project("{FAE04EC0-301F-11D3-BF4B-00C04F79EFBC}") = "Vidly", "Vidly\Vidly.csproj", "{CC382753-0027-463D-920E-6737A9C93F29}"
EndProject
Global
	GlobalSection(SolutionConfigurationPlatforms) = preSolution
		Debug|Any CPU = Debug|Any CPU
		Release|Any CPU = Release|Any CPU
	EndGlobalSection
	GlobalSection(ProjectConfigurationPlatforms) = postSolution
		{CC382753-0027-463D-920E-6737A9C93F29}.Debug|Any CPU.ActiveCfg = Debug|Any CPU
		{CC382753-0027-463D-920E-6737A9C93F29}.Debug|Any CPU.Build.0 = Debug|Any CPU
		{CC382753-0027-463D-920E-6737A9C93F29}.Release|Any CPU.ActiveCfg = Release|Any CPU
		{CC382753-0027-463D-920E-6737A9C93F29}.Release|Any CPU.Build.0 = Release|Any CPU
	EndGlobalSection
	GlobalSection(SolutionProperties) = preSolution
		HideSolutionNode = FALSE
	EndGlobalSection
	GlobalSection(ExtensibilityGlobals) = postSolution
		SolutionGuid = {BFDE0FF6-6567-4FFB-9F43-F191087A79B5}
	EndGlobalSection
EndGlobal
